
Microsoft Visual Studio Solution File, Format Version 12.00
# Visual Studio Version 16
VisualStudioVersion = 16.0.28803.202
MinimumVisualStudioVersion = 10.0.40219.1
Project("{FAE04EC0-301F-11D3-BF4B-00C04F79EFBC}") = "SmashIt", "SmashIt\SmashIt.csproj", "{9DCEF994-568F-416A-B8D2-2A7233E523EA}"
EndProject
Global
	GlobalSection(SolutionConfigurationPlatforms) = preSolution
		Debug|Any CPU = Debug|Any CPU
		Release|Any CPU = Release|Any CPU
	EndGlobalSection
	GlobalSection(ProjectConfigurationPlatforms) = postSolution
		{9DCEF994-568F-416A-B8D2-2A7233E523EA}.Debug|Any CPU.ActiveCfg = Debug|Any CPU
		{9DCEF994-568F-416A-B8D2-2A7233E523EA}.Debug|Any CPU.Build.0 = Debug|Any CPU
		{9DCEF994-568F-416A-B8D2-2A7233E523EA}.Release|Any CPU.ActiveCfg = Release|Any CPU
		{9DCEF994-568F-416A-B8D2-2A7233E523EA}.Release|Any CPU.Build.0 = Release|Any CPU
	EndGlobalSection
	GlobalSection(SolutionProperties) = preSolution
		HideSolutionNode = FALSE
	EndGlobalSection
	GlobalSection(ExtensibilityGlobals) = postSolution
		SolutionGuid = {9A40799B-CBA1-449F-9F4A-0DFB09E5BFFA}
	EndGlobalSection
EndGlobal
